
Microsoft Visual Studio Solution File, Format Version 12.00
# Visual Studio 15
VisualStudioVersion = 15.0.28010.2036
MinimumVisualStudioVersion = 10.0.40219.1
Project("{9092AA53-FB77-4645-B42D-1CCCA6BD08BD}") = "NodejsConsoleApp", "NodejsConsoleApp\NodejsConsoleApp.njsproj", "{5A57D558-0FB6-404C-B982-3CA77DD60D90}"
EndProject
Global
	GlobalSection(SolutionConfigurationPlatforms) = preSolution
		Debug|Any CPU = Debug|Any CPU
		Release|Any CPU = Release|Any CPU
	EndGlobalSection
	GlobalSection(ProjectConfigurationPlatforms) = postSolution
		{5A57D558-0FB6-404C-B982-3CA77DD60D90}.Debug|Any CPU.ActiveCfg = Debug|Any CPU
		{5A57D558-0FB6-404C-B982-3CA77DD60D90}.Debug|Any CPU.Build.0 = Debug|Any CPU
		{5A57D558-0FB6-404C-B982-3CA77DD60D90}.Release|Any CPU.ActiveCfg = Release|Any CPU
		{5A57D558-0FB6-404C-B982-3CA77DD60D90}.Release|Any CPU.Build.0 = Release|Any CPU
	EndGlobalSection
	GlobalSection(SolutionProperties) = preSolution
		HideSolutionNode = FALSE
	EndGlobalSection
	GlobalSection(ExtensibilityGlobals) = postSolution
		SolutionGuid = {A918D8D5-D7B7-46A0-A9BF-30C4886923A5}
	EndGlobalSection
EndGlobal
